// !$*UTF8*$!
{
	archiveVersion = 1;
	classes = {
	};
	objectVersion = 74;
	objects = {

/* Begin PBXBuildFile section */
		080EDEFB21B6DA7E00813479 /* EssentialFeed.framework in Frameworks */ = {isa = PBXBuildFile; fileRef = 080EDEF121B6DA7E00813479 /* EssentialFeed.framework */; };
		080EDF0C21B6DAE800813479 /* FeedImage.swift in Sources */ = {isa = PBXBuildFile; fileRef = 080EDF0B21B6DAE800813479 /* FeedImage.swift */; };
		4F0275882DDBA2BE00F3FF53 /* EssentialFeediOS.framework in Frameworks */ = {isa = PBXBuildFile; fileRef = 4F02757D2DDBA2BD00F3FF53 /* EssentialFeediOS.framework */; };
		4F02761F2DE4D6B500F3FF53 /* EssentialFeed.framework in Frameworks */ = {isa = PBXBuildFile; fileRef = 080EDEF121B6DA7E00813479 /* EssentialFeed.framework */; platformFilter = ios; };
		4F0276202DE4D6B500F3FF53 /* EssentialFeed.framework in Embed Frameworks */ = {isa = PBXBuildFile; fileRef = 080EDEF121B6DA7E00813479 /* EssentialFeed.framework */; platformFilter = ios; settings = {ATTRIBUTES = (CodeSignOnCopy, RemoveHeadersOnCopy, ); }; };
		4F0276242DE4D79000F3FF53 /* XCTestCase+MemoryLeakTracking.swift in Sources */ = {isa = PBXBuildFile; fileRef = E06FBDBD2D4955E500D73BEB /* XCTestCase+MemoryLeakTracking.swift */; };
		4F0C91FD2EA3652E009DF47C /* FeedItemsMapperTests.swift in Sources */ = {isa = PBXBuildFile; fileRef = 4F0C91FC2EA3652E009DF47C /* FeedItemsMapperTests.swift */; };
		4F3CDB312E59967000B7745E /* LoadFeedImageDataFromCacheUseCaseTests.swift in Sources */ = {isa = PBXBuildFile; fileRef = 4F3CDB302E59967000B7745E /* LoadFeedImageDataFromCacheUseCaseTests.swift */; };
		4F3CDB372E59A62500B7745E /* FeedImageDataStoreSpy.swift in Sources */ = {isa = PBXBuildFile; fileRef = 4F3CDB362E59A62500B7745E /* FeedImageDataStoreSpy.swift */; };
		4F3CDB382E59A62500B7745E /* FeedImageDataStoreSpy.swift in Sources */ = {isa = PBXBuildFile; fileRef = 4F3CDB362E59A62500B7745E /* FeedImageDataStoreSpy.swift */; };
		4F3CDB3A2E59A7B500B7745E /* CacheFeedImageDataUseCaseTests.swift in Sources */ = {isa = PBXBuildFile; fileRef = 4F3CDB392E59A7B500B7745E /* CacheFeedImageDataUseCaseTests.swift */; };
		4F3CDB3C2E59AB0700B7745E /* CoreDataFeedImageDataStoreTests.swift in Sources */ = {isa = PBXBuildFile; fileRef = 4F3CDB3B2E59AB0700B7745E /* CoreDataFeedImageDataStoreTests.swift */; };
		4F5580622E54DE3C00715942 /* LoadFeedImageDataFromRemoteUseCaseTests.swift in Sources */ = {isa = PBXBuildFile; fileRef = 4F5580612E54DE3C00715942 /* LoadFeedImageDataFromRemoteUseCaseTests.swift */; };
		4F5580632E54E17300715942 /* FeedImageDataLoader.swift in Sources */ = {isa = PBXBuildFile; fileRef = 4F5580202E54DD2400715942 /* FeedImageDataLoader.swift */; };
		4FAEC1AE2E68CB73002A7384 /* FeedCache.swift in Sources */ = {isa = PBXBuildFile; fileRef = 4FAEC1AD2E68CB73002A7384 /* FeedCache.swift */; };
		4FAEC1BB2E694830002A7384 /* FeedImageDataCache.swift in Sources */ = {isa = PBXBuildFile; fileRef = 4FAEC1BA2E694830002A7384 /* FeedImageDataCache.swift */; };
		E0150D4D2D9DC04200175B92 /* ValidateFeedCacheUseCaseTests.swift in Sources */ = {isa = PBXBuildFile; fileRef = E0150D4C2D9DC04200175B92 /* ValidateFeedCacheUseCaseTests.swift */; };
		E0150D4F2D9DC32500175B92 /* FeedCacheTestHelpers.swift in Sources */ = {isa = PBXBuildFile; fileRef = E0150D4E2D9DC32500175B92 /* FeedCacheTestHelpers.swift */; };
		E0150D512D9DC38000175B92 /* SharedTestHelpers.swift in Sources */ = {isa = PBXBuildFile; fileRef = E0150D502D9DC38000175B92 /* SharedTestHelpers.swift */; };
		E0150D522D9DC38000175B92 /* SharedTestHelpers.swift in Sources */ = {isa = PBXBuildFile; fileRef = E0150D502D9DC38000175B92 /* SharedTestHelpers.swift */; };
		E06FBDB82D49559100D73BEB /* LoadFeedFromRemoteUseCaseTests.swift in Sources */ = {isa = PBXBuildFile; fileRef = E06FBDB52D49559100D73BEB /* LoadFeedFromRemoteUseCaseTests.swift */; };
		E06FBDBE2D4955E500D73BEB /* XCTestCase+MemoryLeakTracking.swift in Sources */ = {isa = PBXBuildFile; fileRef = E06FBDBD2D4955E500D73BEB /* XCTestCase+MemoryLeakTracking.swift */; };
		E06FBDC92D4D055B00D73BEB /* EssentialFeed.framework in Frameworks */ = {isa = PBXBuildFile; fileRef = 080EDEF121B6DA7E00813479 /* EssentialFeed.framework */; };
		E06FBDCF2D4D3F0300D73BEB /* XCTestCase+MemoryLeakTracking.swift in Sources */ = {isa = PBXBuildFile; fileRef = E06FBDBD2D4955E500D73BEB /* XCTestCase+MemoryLeakTracking.swift */; };
		E07A190A2D97C9760043E368 /* LoadFeedFromCacheUseCaseTests.swift in Sources */ = {isa = PBXBuildFile; fileRef = E07A19092D97C9760043E368 /* LoadFeedFromCacheUseCaseTests.swift */; };
		E07A190D2D97CAE60043E368 /* FeedStoreSpy.swift in Sources */ = {isa = PBXBuildFile; fileRef = E07A190C2D97CAE60043E368 /* FeedStoreSpy.swift */; };
		E0B8BA8F2D8F3A240055D327 /* CacheFeedUseCaseTests.swift in Sources */ = {isa = PBXBuildFile; fileRef = E0B8BA8E2D8F3A240055D327 /* CacheFeedUseCaseTests.swift */; };
		E0E0BB7E2DB03AFF00831F8F /* EssentialFeed.framework in Frameworks */ = {isa = PBXBuildFile; fileRef = 080EDEF121B6DA7E00813479 /* EssentialFeed.framework */; };
		E0E0BB852DB03C9900831F8F /* XCTestCase+MemoryLeakTracking.swift in Sources */ = {isa = PBXBuildFile; fileRef = E06FBDBD2D4955E500D73BEB /* XCTestCase+MemoryLeakTracking.swift */; };
		E0E0BB862DB03D2F00831F8F /* FeedCacheTestHelpers.swift in Sources */ = {isa = PBXBuildFile; fileRef = E0150D4E2D9DC32500175B92 /* FeedCacheTestHelpers.swift */; };
		E0E0BB872DB03D4D00831F8F /* SharedTestHelpers.swift in Sources */ = {isa = PBXBuildFile; fileRef = E0150D502D9DC38000175B92 /* SharedTestHelpers.swift */; };
		E0E0BB882DB03E7900831F8F /* EssentialFeedCacheIntegrationTests.xctestplan in Resources */ = {isa = PBXBuildFile; fileRef = E0E0BB842DB03B7300831F8F /* EssentialFeedCacheIntegrationTests.xctestplan */; };
		E0E77F3E2DAED54700706509 /* FeedStoreSpecs.swift in Sources */ = {isa = PBXBuildFile; fileRef = E0E77F3D2DAED54700706509 /* FeedStoreSpecs.swift */; };
		E0E77F402DAEDC4B00706509 /* XCTestCase+FeedStoreSpecs.swift in Sources */ = {isa = PBXBuildFile; fileRef = E0E77F3F2DAEDC4B00706509 /* XCTestCase+FeedStoreSpecs.swift */; };
		E0E77F422DAEDFF100706509 /* XCTestCase+FailableRetrieveFeedStoreSpecs.swift in Sources */ = {isa = PBXBuildFile; fileRef = E0E77F412DAEDFF100706509 /* XCTestCase+FailableRetrieveFeedStoreSpecs.swift */; };
		E0E77F442DAEE07100706509 /* XCTestCase+FailableInsertFeedStoreSpecs.swift in Sources */ = {isa = PBXBuildFile; fileRef = E0E77F432DAEE07100706509 /* XCTestCase+FailableInsertFeedStoreSpecs.swift */; };
		E0E77F462DAEE10200706509 /* XCTestCase+FailableDeleteFeedStoreSpecs.swift in Sources */ = {isa = PBXBuildFile; fileRef = E0E77F452DAEE10200706509 /* XCTestCase+FailableDeleteFeedStoreSpecs.swift */; };
		E0E77F612DAF9C9700706509 /* CoreDataFeedStoreTests.swift in Sources */ = {isa = PBXBuildFile; fileRef = E0E77F602DAF9C9700706509 /* CoreDataFeedStoreTests.swift */; };
/* End PBXBuildFile section */

/* Begin PBXContainerItemProxy section */
		080EDEFC21B6DA7E00813479 /* PBXContainerItemProxy */ = {
			isa = PBXContainerItemProxy;
			containerPortal = 080EDEE821B6DA7E00813479 /* Project object */;
			proxyType = 1;
			remoteGlobalIDString = 080EDEF021B6DA7E00813479;
			remoteInfo = EssentialFeed;
		};
		4F0275892DDBA2BE00F3FF53 /* PBXContainerItemProxy */ = {
			isa = PBXContainerItemProxy;
			containerPortal = 080EDEE821B6DA7E00813479 /* Project object */;
			proxyType = 1;
			remoteGlobalIDString = 4F02757C2DDBA2BD00F3FF53;
			remoteInfo = EssentialFeediOS;
		};
		4F0276212DE4D6B500F3FF53 /* PBXContainerItemProxy */ = {
			isa = PBXContainerItemProxy;
			containerPortal = 080EDEE821B6DA7E00813479 /* Project object */;
			proxyType = 1;
			remoteGlobalIDString = 080EDEF021B6DA7E00813479;
			remoteInfo = EssentialFeed;
		};
		E06FBDCA2D4D055B00D73BEB /* PBXContainerItemProxy */ = {
			isa = PBXContainerItemProxy;
			containerPortal = 080EDEE821B6DA7E00813479 /* Project object */;
			proxyType = 1;
			remoteGlobalIDString = 080EDEF021B6DA7E00813479;
			remoteInfo = EssentialFeed;
		};
		E0E0BB7F2DB03AFF00831F8F /* PBXContainerItemProxy */ = {
			isa = PBXContainerItemProxy;
			containerPortal = 080EDEE821B6DA7E00813479 /* Project object */;
			proxyType = 1;
			remoteGlobalIDString = 080EDEF021B6DA7E00813479;
			remoteInfo = EssentialFeed;
		};
/* End PBXContainerItemProxy section */

/* Begin PBXCopyFilesBuildPhase section */
		4F0276232DE4D6B500F3FF53 /* Embed Frameworks */ = {
			isa = PBXCopyFilesBuildPhase;
			buildActionMask = 2147483647;
			dstPath = "";
			dstSubfolderSpec = 10;
			files = (
				4F0276202DE4D6B500F3FF53 /* EssentialFeed.framework in Embed Frameworks */,
			);
			name = "Embed Frameworks";
			runOnlyForDeploymentPostprocessing = 0;
		};
/* End PBXCopyFilesBuildPhase section */

/* Begin PBXFileReference section */
		080EDEF121B6DA7E00813479 /* EssentialFeed.framework */ = {isa = PBXFileReference; explicitFileType = wrapper.framework; includeInIndex = 0; path = EssentialFeed.framework; sourceTree = BUILT_PRODUCTS_DIR; };
		080EDEF521B6DA7E00813479 /* Info.plist */ = {isa = PBXFileReference; lastKnownFileType = text.plist.xml; path = Info.plist; sourceTree = "<group>"; };
		080EDEFA21B6DA7E00813479 /* EssentialFeedTests.xctest */ = {isa = PBXFileReference; explicitFileType = wrapper.cfbundle; includeInIndex = 0; path = EssentialFeedTests.xctest; sourceTree = BUILT_PRODUCTS_DIR; };
		080EDF0121B6DA7E00813479 /* Info.plist */ = {isa = PBXFileReference; lastKnownFileType = text.plist.xml; path = Info.plist; sourceTree = "<group>"; };
		080EDF0B21B6DAE800813479 /* FeedImage.swift */ = {isa = PBXFileReference; lastKnownFileType = sourcecode.swift; path = FeedImage.swift; sourceTree = "<group>"; };
		4F0275762DDB9F2F00F3FF53 /* EssentialFeedAPIEndToEndTests.xctestplan */ = {isa = PBXFileReference; lastKnownFileType = text; path = EssentialFeedAPIEndToEndTests.xctestplan; sourceTree = "<group>"; };
		4F02757D2DDBA2BD00F3FF53 /* EssentialFeediOS.framework */ = {isa = PBXFileReference; explicitFileType = wrapper.framework; includeInIndex = 0; path = EssentialFeediOS.framework; sourceTree = BUILT_PRODUCTS_DIR; };
		4F0275872DDBA2BE00F3FF53 /* EssentialFeediOSTests.xctest */ = {isa = PBXFileReference; explicitFileType = wrapper.cfbundle; includeInIndex = 0; path = EssentialFeediOSTests.xctest; sourceTree = BUILT_PRODUCTS_DIR; };
		4F0275942DDBA32B00F3FF53 /* EssentialFeediOS.xctestplan */ = {isa = PBXFileReference; lastKnownFileType = text; path = EssentialFeediOS.xctestplan; sourceTree = "<group>"; };
		4F0C91FC2EA3652E009DF47C /* FeedItemsMapperTests.swift */ = {isa = PBXFileReference; lastKnownFileType = sourcecode.swift; path = FeedItemsMapperTests.swift; sourceTree = "<group>"; };
		4F3CDB302E59967000B7745E /* LoadFeedImageDataFromCacheUseCaseTests.swift */ = {isa = PBXFileReference; lastKnownFileType = sourcecode.swift; path = LoadFeedImageDataFromCacheUseCaseTests.swift; sourceTree = "<group>"; };
		4F3CDB362E59A62500B7745E /* FeedImageDataStoreSpy.swift */ = {isa = PBXFileReference; lastKnownFileType = sourcecode.swift; path = FeedImageDataStoreSpy.swift; sourceTree = "<group>"; };
		4F3CDB392E59A7B500B7745E /* CacheFeedImageDataUseCaseTests.swift */ = {isa = PBXFileReference; lastKnownFileType = sourcecode.swift; path = CacheFeedImageDataUseCaseTests.swift; sourceTree = "<group>"; };
		4F3CDB3B2E59AB0700B7745E /* CoreDataFeedImageDataStoreTests.swift */ = {isa = PBXFileReference; lastKnownFileType = sourcecode.swift; path = CoreDataFeedImageDataStoreTests.swift; sourceTree = "<group>"; };
		4F5580202E54DD2400715942 /* FeedImageDataLoader.swift */ = {isa = PBXFileReference; lastKnownFileType = sourcecode.swift; path = FeedImageDataLoader.swift; sourceTree = "<group>"; };
		4F5580612E54DE3C00715942 /* LoadFeedImageDataFromRemoteUseCaseTests.swift */ = {isa = PBXFileReference; lastKnownFileType = sourcecode.swift; path = LoadFeedImageDataFromRemoteUseCaseTests.swift; sourceTree = "<group>"; };
		4FAEC1AD2E68CB73002A7384 /* FeedCache.swift */ = {isa = PBXFileReference; lastKnownFileType = sourcecode.swift; path = FeedCache.swift; sourceTree = "<group>"; };
		4FAEC1BA2E694830002A7384 /* FeedImageDataCache.swift */ = {isa = PBXFileReference; lastKnownFileType = sourcecode.swift; path = FeedImageDataCache.swift; sourceTree = "<group>"; };
		E0150D4C2D9DC04200175B92 /* ValidateFeedCacheUseCaseTests.swift */ = {isa = PBXFileReference; lastKnownFileType = sourcecode.swift; path = ValidateFeedCacheUseCaseTests.swift; sourceTree = "<group>"; };
		E0150D4E2D9DC32500175B92 /* FeedCacheTestHelpers.swift */ = {isa = PBXFileReference; lastKnownFileType = sourcecode.swift; path = FeedCacheTestHelpers.swift; sourceTree = "<group>"; };
		E0150D502D9DC38000175B92 /* SharedTestHelpers.swift */ = {isa = PBXFileReference; lastKnownFileType = sourcecode.swift; path = SharedTestHelpers.swift; sourceTree = "<group>"; };
		E06FBDB52D49559100D73BEB /* LoadFeedFromRemoteUseCaseTests.swift */ = {isa = PBXFileReference; lastKnownFileType = sourcecode.swift; path = LoadFeedFromRemoteUseCaseTests.swift; sourceTree = "<group>"; };
		E06FBDBD2D4955E500D73BEB /* XCTestCase+MemoryLeakTracking.swift */ = {isa = PBXFileReference; lastKnownFileType = sourcecode.swift; path = "XCTestCase+MemoryLeakTracking.swift"; sourceTree = "<group>"; };
		E06FBDC52D4D055A00D73BEB /* EssentialFeedAPIEndToEndTests.xctest */ = {isa = PBXFileReference; explicitFileType = wrapper.cfbundle; includeInIndex = 0; path = EssentialFeedAPIEndToEndTests.xctest; sourceTree = BUILT_PRODUCTS_DIR; };
		E07A19092D97C9760043E368 /* LoadFeedFromCacheUseCaseTests.swift */ = {isa = PBXFileReference; lastKnownFileType = sourcecode.swift; path = LoadFeedFromCacheUseCaseTests.swift; sourceTree = "<group>"; };
		E07A190C2D97CAE60043E368 /* FeedStoreSpy.swift */ = {isa = PBXFileReference; lastKnownFileType = sourcecode.swift; path = FeedStoreSpy.swift; sourceTree = "<group>"; };
		E08BC1A62D50F0E200A23AE8 /* CI.xctestplan */ = {isa = PBXFileReference; lastKnownFileType = text; path = CI.xctestplan; sourceTree = "<group>"; };
		E0B8BA8E2D8F3A240055D327 /* CacheFeedUseCaseTests.swift */ = {isa = PBXFileReference; lastKnownFileType = sourcecode.swift; path = CacheFeedUseCaseTests.swift; sourceTree = "<group>"; };
		E0E0BB7A2DB03AFF00831F8F /* EssentialFeedCacheIntegrationTests.xctest */ = {isa = PBXFileReference; explicitFileType = wrapper.cfbundle; includeInIndex = 0; path = EssentialFeedCacheIntegrationTests.xctest; sourceTree = BUILT_PRODUCTS_DIR; };
		E0E0BB842DB03B7300831F8F /* EssentialFeedCacheIntegrationTests.xctestplan */ = {isa = PBXFileReference; lastKnownFileType = text; path = EssentialFeedCacheIntegrationTests.xctestplan; sourceTree = "<group>"; };
		E0E77F3D2DAED54700706509 /* FeedStoreSpecs.swift */ = {isa = PBXFileReference; lastKnownFileType = sourcecode.swift; path = FeedStoreSpecs.swift; sourceTree = "<group>"; };
		E0E77F3F2DAEDC4B00706509 /* XCTestCase+FeedStoreSpecs.swift */ = {isa = PBXFileReference; lastKnownFileType = sourcecode.swift; path = "XCTestCase+FeedStoreSpecs.swift"; sourceTree = "<group>"; };
		E0E77F412DAEDFF100706509 /* XCTestCase+FailableRetrieveFeedStoreSpecs.swift */ = {isa = PBXFileReference; lastKnownFileType = sourcecode.swift; path = "XCTestCase+FailableRetrieveFeedStoreSpecs.swift"; sourceTree = "<group>"; };
		E0E77F432DAEE07100706509 /* XCTestCase+FailableInsertFeedStoreSpecs.swift */ = {isa = PBXFileReference; lastKnownFileType = sourcecode.swift; path = "XCTestCase+FailableInsertFeedStoreSpecs.swift"; sourceTree = "<group>"; };
		E0E77F452DAEE10200706509 /* XCTestCase+FailableDeleteFeedStoreSpecs.swift */ = {isa = PBXFileReference; lastKnownFileType = sourcecode.swift; path = "XCTestCase+FailableDeleteFeedStoreSpecs.swift"; sourceTree = "<group>"; };
		E0E77F602DAF9C9700706509 /* CoreDataFeedStoreTests.swift */ = {isa = PBXFileReference; lastKnownFileType = sourcecode.swift; path = CoreDataFeedStoreTests.swift; sourceTree = "<group>"; };
/* End PBXFileReference section */

/* Begin PBXFileSystemSynchronizedBuildFileExceptionSet section */
		4F0275772DDBA14A00F3FF53 /* PBXFileSystemSynchronizedBuildFileExceptionSet */ = {
			isa = PBXFileSystemSynchronizedBuildFileExceptionSet;
			membershipExceptions = (
				Info.plist,
			);
			target = E06FBDC42D4D055A00D73BEB /* EssentialFeedAPIEndToEndTests */;
		};
		4F087B412E2589BB00F1F47D /* PBXFileSystemSynchronizedBuildFileExceptionSet */ = {
			isa = PBXFileSystemSynchronizedBuildFileExceptionSet;
			membershipExceptions = (
				FeedImagePresenterTests.swift,
				FeedLocalizationTests.swift,
				FeedPresenterTests.swift,
			);
			target = 080EDEF921B6DA7E00813479 /* EssentialFeedTests */;
		};
		4F0C91E52EA01BCB009DF47C /* PBXFileSystemSynchronizedBuildFileExceptionSet */ = {
			isa = PBXFileSystemSynchronizedBuildFileExceptionSet;
			membershipExceptions = (
				ImageComment.swift,
			);
			target = 080EDEF021B6DA7E00813479 /* EssentialFeed */;
		};
		4F0C91E82EA01D75009DF47C /* PBXFileSystemSynchronizedBuildFileExceptionSet */ = {
			isa = PBXFileSystemSynchronizedBuildFileExceptionSet;
			membershipExceptions = (
				HTTPClient.swift,
			);
			target = 080EDEF021B6DA7E00813479 /* EssentialFeed */;
		};
		4F0C91E92EA01D7C009DF47C /* PBXFileSystemSynchronizedBuildFileExceptionSet */ = {
			isa = PBXFileSystemSynchronizedBuildFileExceptionSet;
			membershipExceptions = (
				URLSessionHTTPClient.swift,
			);
			target = 080EDEF021B6DA7E00813479 /* EssentialFeed */;
		};
		4F0C91F02EA01D98009DF47C /* PBXFileSystemSynchronizedBuildFileExceptionSet */ = {
			isa = PBXFileSystemSynchronizedBuildFileExceptionSet;
			membershipExceptions = (
				Helpers/URLProtocolStub.swift,
				URLSessionHTTPClientTests.swift,
			);
			target = 080EDEF921B6DA7E00813479 /* EssentialFeedTests */;
		};
		4F0C91F32EA01DC2009DF47C /* PBXFileSystemSynchronizedBuildFileExceptionSet */ = {
			isa = PBXFileSystemSynchronizedBuildFileExceptionSet;
			membershipExceptions = (
				Helpers/HTTPClientSpy.swift,
			);
			target = 080EDEF921B6DA7E00813479 /* EssentialFeedTests */;
		};
		4F0C91F52EA01E80009DF47C /* PBXFileSystemSynchronizedBuildFileExceptionSet */ = {
			isa = PBXFileSystemSynchronizedBuildFileExceptionSet;
			membershipExceptions = (
				ImageCommentsMapper.swift,
			);
			target = 080EDEF021B6DA7E00813479 /* EssentialFeed */;
		};
		4F0C91F72EA01EB8009DF47C /* PBXFileSystemSynchronizedBuildFileExceptionSet */ = {
			isa = PBXFileSystemSynchronizedBuildFileExceptionSet;
			membershipExceptions = (
				ImageCommentsMapperTests.swift,
			);
			target = 080EDEF921B6DA7E00813479 /* EssentialFeedTests */;
		};
		4F491E7C2E2A6C7800F2B54C /* PBXFileSystemSynchronizedBuildFileExceptionSet */ = {
			isa = PBXFileSystemSynchronizedBuildFileExceptionSet;
			membershipExceptions = (
				FeedLocalizationTests.swift,
			);
			target = 4F0275862DDBA2BE00F3FF53 /* EssentialFeediOSTests */;
		};
		4FA52D542E26D06F00816832 /* PBXFileSystemSynchronizedBuildFileExceptionSet */ = {
			isa = PBXFileSystemSynchronizedBuildFileExceptionSet;
			membershipExceptions = (
				/Localized/Feed.strings,
				FeedErrorViewModel.swift,
				FeedImagePresenter.swift,
				FeedImageViewModel.swift,
				FeedLoadingViewModel.swift,
				FeedPresenter.swift,
				FeedViewModel.swift,
			);
			target = 080EDEF021B6DA7E00813479 /* EssentialFeed */;
		};
		E0B8BAA92D91EDFE0055D327 /* PBXFileSystemSynchronizedBuildFileExceptionSet */ = {
			isa = PBXFileSystemSynchronizedBuildFileExceptionSet;
			membershipExceptions = (
				FeedCachePolicy.swift,
				FeedImageDataStore.swift,
				FeedStore.swift,
				InstraStructure/CoreData/CoreDataFeedStore.swift,
				"InstraStructure/CoreData/CoreDataFeedStore+FeedImageDataLoader.swift .swift",
				"InstraStructure/CoreData/CoreDataFeedStore+FeedStore.swift .swift",
				InstraStructure/CoreData/CoreDataHelpers.swift,
				InstraStructure/CoreData/FeedStore.xcdatamodeld,
				InstraStructure/CoreData/ManagedCache.swift,
				InstraStructure/CoreData/ManagedFeedImage.swift,
				LocalFeedImage.swift,
				LocalFeedImageDataLoader.swift,
				LocalFeedLoader.swift,
			);
			target = 080EDEF021B6DA7E00813479 /* EssentialFeed */;
		};
		E0F3D84D2D2DC35D006717D6 /* PBXFileSystemSynchronizedBuildFileExceptionSet */ = {
			isa = PBXFileSystemSynchronizedBuildFileExceptionSet;
			membershipExceptions = (
				FeedItemsMapper.swift,
				"HTTPURLResponse+StatusCode.swift .swift",
				RemoteFeedImageDataLoader.swift,
			);
			target = 080EDEF021B6DA7E00813479 /* EssentialFeed */;
		};
/* End PBXFileSystemSynchronizedBuildFileExceptionSet section */

/* Begin PBXFileSystemSynchronizedRootGroup section */
		4F02757E2DDBA2BD00F3FF53 /* EssentialFeediOS */ = {isa = PBXFileSystemSynchronizedRootGroup; explicitFileTypes = {}; explicitFolders = (); path = EssentialFeediOS; sourceTree = "<group>"; };
		4F02758B2DDBA2BE00F3FF53 /* EssentialFeediOSTests */ = {isa = PBXFileSystemSynchronizedRootGroup; explicitFileTypes = {}; explicitFolders = (); path = EssentialFeediOSTests; sourceTree = "<group>"; };
		4F087B3E2E25899500F1F47D /* Feed Presentation */ = {isa = PBXFileSystemSynchronizedRootGroup; exceptions = (4F087B412E2589BB00F1F47D /* PBXFileSystemSynchronizedBuildFileExceptionSet */, 4F491E7C2E2A6C7800F2B54C /* PBXFileSystemSynchronizedBuildFileExceptionSet */, ); explicitFileTypes = {}; explicitFolders = (); path = "Feed Presentation"; sourceTree = "<group>"; };
		4F0C91E22EA01BB0009DF47C /* Image Comments Feature */ = {isa = PBXFileSystemSynchronizedRootGroup; exceptions = (4F0C91E52EA01BCB009DF47C /* PBXFileSystemSynchronizedBuildFileExceptionSet */, ); explicitFileTypes = {}; explicitFolders = (); path = "Image Comments Feature"; sourceTree = "<group>"; };
		4F0C91E62EA01D55009DF47C /* Shared API Infra */ = {isa = PBXFileSystemSynchronizedRootGroup; exceptions = (4F0C91E92EA01D7C009DF47C /* PBXFileSystemSynchronizedBuildFileExceptionSet */, ); explicitFileTypes = {}; explicitFolders = (); path = "Shared API Infra"; sourceTree = "<group>"; };
		4F0C91E72EA01D63009DF47C /* Shared API */ = {isa = PBXFileSystemSynchronizedRootGroup; exceptions = (4F0C91E82EA01D75009DF47C /* PBXFileSystemSynchronizedBuildFileExceptionSet */, ); explicitFileTypes = {}; explicitFolders = (); path = "Shared API"; sourceTree = "<group>"; };
		4F0C91EA2EA01D8A009DF47C /* Shared API Infra */ = {isa = PBXFileSystemSynchronizedRootGroup; exceptions = (4F0C91F02EA01D98009DF47C /* PBXFileSystemSynchronizedBuildFileExceptionSet */, ); explicitFileTypes = {}; explicitFolders = (); path = "Shared API Infra"; sourceTree = "<group>"; };
		4F0C91F12EA01DB1009DF47C /* Shared API */ = {isa = PBXFileSystemSynchronizedRootGroup; exceptions = (4F0C91F32EA01DC2009DF47C /* PBXFileSystemSynchronizedBuildFileExceptionSet */, ); explicitFileTypes = {}; explicitFolders = (); path = "Shared API"; sourceTree = "<group>"; };
		4F0C91F42EA01E6D009DF47C /* Image Comments API */ = {isa = PBXFileSystemSynchronizedRootGroup; exceptions = (4F0C91F52EA01E80009DF47C /* PBXFileSystemSynchronizedBuildFileExceptionSet */, ); explicitFileTypes = {}; explicitFolders = (); path = "Image Comments API"; sourceTree = "<group>"; };
		4F0C91F62EA01EA5009DF47C /* Image Comments API */ = {isa = PBXFileSystemSynchronizedRootGroup; exceptions = (4F0C91F72EA01EB8009DF47C /* PBXFileSystemSynchronizedBuildFileExceptionSet */, ); explicitFileTypes = {}; explicitFolders = (); path = "Image Comments API"; sourceTree = "<group>"; };
		4FA52D4F2E26D06F00816832 /* Feed Presentation */ = {isa = PBXFileSystemSynchronizedRootGroup; exceptions = (4FA52D542E26D06F00816832 /* PBXFileSystemSynchronizedBuildFileExceptionSet */, ); explicitFileTypes = {}; explicitFolders = (); path = "Feed Presentation"; sourceTree = "<group>"; };
		E06FBDC62D4D055B00D73BEB /* EssentialFeedAPIEndToEndTests */ = {isa = PBXFileSystemSynchronizedRootGroup; exceptions = (4F0275772DDBA14A00F3FF53 /* PBXFileSystemSynchronizedBuildFileExceptionSet */, ); explicitFileTypes = {}; explicitFolders = (); path = EssentialFeedAPIEndToEndTests; sourceTree = "<group>"; };
		E0B8BAA52D91EDE70055D327 /* Feed Cache */ = {isa = PBXFileSystemSynchronizedRootGroup; exceptions = (E0B8BAA92D91EDFE0055D327 /* PBXFileSystemSynchronizedBuildFileExceptionSet */, ); explicitFileTypes = {}; explicitFolders = (); path = "Feed Cache"; sourceTree = "<group>"; };
		E0E0BB7B2DB03AFF00831F8F /* EssentialFeedCacheIntegrationTests */ = {isa = PBXFileSystemSynchronizedRootGroup; explicitFileTypes = {}; explicitFolders = (); path = EssentialFeedCacheIntegrationTests; sourceTree = "<group>"; };
		E0F3D84A2D2DC333006717D6 /* Feed API */ = {isa = PBXFileSystemSynchronizedRootGroup; exceptions = (E0F3D84D2D2DC35D006717D6 /* PBXFileSystemSynchronizedBuildFileExceptionSet */, ); explicitFileTypes = {}; explicitFolders = (); path = "Feed API"; sourceTree = "<group>"; };
/* End PBXFileSystemSynchronizedRootGroup section */

/* Begin PBXFrameworksBuildPhase section */
		080EDEEE21B6DA7E00813479 /* Frameworks */ = {
			isa = PBXFrameworksBuildPhase;
			buildActionMask = 2147483647;
			files = (
			);
			runOnlyForDeploymentPostprocessing = 0;
		};
		080EDEF721B6DA7E00813479 /* Frameworks */ = {
			isa = PBXFrameworksBuildPhase;
			buildActionMask = 2147483647;
			files = (
				080EDEFB21B6DA7E00813479 /* EssentialFeed.framework in Frameworks */,
			);
			runOnlyForDeploymentPostprocessing = 0;
		};
		4F02757A2DDBA2BD00F3FF53 /* Frameworks */ = {
			isa = PBXFrameworksBuildPhase;
			buildActionMask = 2147483647;
			files = (
				4F02761F2DE4D6B500F3FF53 /* EssentialFeed.framework in Frameworks */,
			);
			runOnlyForDeploymentPostprocessing = 0;
		};
		4F0275842DDBA2BE00F3FF53 /* Frameworks */ = {
			isa = PBXFrameworksBuildPhase;
			buildActionMask = 2147483647;
			files = (
				4F0275882DDBA2BE00F3FF53 /* EssentialFeediOS.framework in Frameworks */,
			);
			runOnlyForDeploymentPostprocessing = 0;
		};
		E06FBDC22D4D055A00D73BEB /* Frameworks */ = {
			isa = PBXFrameworksBuildPhase;
			buildActionMask = 2147483647;
			files = (
				E06FBDC92D4D055B00D73BEB /* EssentialFeed.framework in Frameworks */,
			);
			runOnlyForDeploymentPostprocessing = 0;
		};
		E0E0BB772DB03AFF00831F8F /* Frameworks */ = {
			isa = PBXFrameworksBuildPhase;
			buildActionMask = 2147483647;
			files = (
				E0E0BB7E2DB03AFF00831F8F /* EssentialFeed.framework in Frameworks */,
			);
			runOnlyForDeploymentPostprocessing = 0;
		};
/* End PBXFrameworksBuildPhase section */

/* Begin PBXGroup section */
		080EDEE721B6DA7E00813479 = {
			isa = PBXGroup;
			children = (
				4F0275942DDBA32B00F3FF53 /* EssentialFeediOS.xctestplan */,
				4F0275762DDB9F2F00F3FF53 /* EssentialFeedAPIEndToEndTests.xctestplan */,
				E0E0BB842DB03B7300831F8F /* EssentialFeedCacheIntegrationTests.xctestplan */,
				E08BC1A62D50F0E200A23AE8 /* CI.xctestplan */,
				080EDEF321B6DA7E00813479 /* EssentialFeed */,
				080EDEFE21B6DA7E00813479 /* EssentialFeedTests */,
				E06FBDC62D4D055B00D73BEB /* EssentialFeedAPIEndToEndTests */,
				E0E0BB7B2DB03AFF00831F8F /* EssentialFeedCacheIntegrationTests */,
				4F02757E2DDBA2BD00F3FF53 /* EssentialFeediOS */,
				4F02758B2DDBA2BE00F3FF53 /* EssentialFeediOSTests */,
				4F02761E2DE4D6B500F3FF53 /* Frameworks */,
				080EDEF221B6DA7E00813479 /* Products */,
			);
			sourceTree = "<group>";
		};
		080EDEF221B6DA7E00813479 /* Products */ = {
			isa = PBXGroup;
			children = (
				080EDEF121B6DA7E00813479 /* EssentialFeed.framework */,
				080EDEFA21B6DA7E00813479 /* EssentialFeedTests.xctest */,
				E06FBDC52D4D055A00D73BEB /* EssentialFeedAPIEndToEndTests.xctest */,
				E0E0BB7A2DB03AFF00831F8F /* EssentialFeedCacheIntegrationTests.xctest */,
				4F02757D2DDBA2BD00F3FF53 /* EssentialFeediOS.framework */,
				4F0275872DDBA2BE00F3FF53 /* EssentialFeediOSTests.xctest */,
			);
			name = Products;
			sourceTree = "<group>";
		};
		080EDEF321B6DA7E00813479 /* EssentialFeed */ = {
			isa = PBXGroup;
			children = (
				4F0C91F42EA01E6D009DF47C /* Image Comments API */,
				4F0C91E72EA01D63009DF47C /* Shared API */,
				4F0C91E62EA01D55009DF47C /* Shared API Infra */,
				4F0C91E22EA01BB0009DF47C /* Image Comments Feature */,
				E0B8BAA52D91EDE70055D327 /* Feed Cache */,
				080EDEF521B6DA7E00813479 /* Info.plist */,
				080EDF1021B6DFA200813479 /* Feed Feature */,
				E0F3D84A2D2DC333006717D6 /* Feed API */,
				4FA52D4F2E26D06F00816832 /* Feed Presentation */,
			);
			path = EssentialFeed;
			sourceTree = "<group>";
		};
		080EDEFE21B6DA7E00813479 /* EssentialFeedTests */ = {
			isa = PBXGroup;
			children = (
				4F0C91F62EA01EA5009DF47C /* Image Comments API */,
				4F0C91F12EA01DB1009DF47C /* Shared API */,
				4F0C91EA2EA01D8A009DF47C /* Shared API Infra */,
				4F087B3E2E25899500F1F47D /* Feed Presentation */,
				E06FBDBA2D49559400D73BEB /* Helpers */,
				E0B8BA8D2D8F3A060055D327 /* Feed Cache */,
				080EDF0121B6DA7E00813479 /* Info.plist */,
				E06FBDB72D49559100D73BEB /* Feed API */,
			);
			path = EssentialFeedTests;
			sourceTree = "<group>";
		};
		080EDF1021B6DFA200813479 /* Feed Feature */ = {
			isa = PBXGroup;
			children = (
				080EDF0B21B6DAE800813479 /* FeedImage.swift */,
				4F5580202E54DD2400715942 /* FeedImageDataLoader.swift */,
				4FAEC1AD2E68CB73002A7384 /* FeedCache.swift */,
				4FAEC1BA2E694830002A7384 /* FeedImageDataCache.swift */,
			);
			path = "Feed Feature";
			sourceTree = "<group>";
		};
		4F02761E2DE4D6B500F3FF53 /* Frameworks */ = {
			isa = PBXGroup;
			children = (
			);
			name = Frameworks;
			sourceTree = "<group>";
		};
		E06FBDB72D49559100D73BEB /* Feed API */ = {
			isa = PBXGroup;
			children = (
				4F0C91FC2EA3652E009DF47C /* FeedItemsMapperTests.swift */,
				E06FBDB52D49559100D73BEB /* LoadFeedFromRemoteUseCaseTests.swift */,
				4F5580612E54DE3C00715942 /* LoadFeedImageDataFromRemoteUseCaseTests.swift */,
			);
			path = "Feed API";
			sourceTree = "<group>";
		};
		E06FBDBA2D49559400D73BEB /* Helpers */ = {
			isa = PBXGroup;
			children = (
				E06FBDBD2D4955E500D73BEB /* XCTestCase+MemoryLeakTracking.swift */,
				E0150D502D9DC38000175B92 /* SharedTestHelpers.swift */,
			);
			path = Helpers;
			sourceTree = "<group>";
		};
		E07A190B2D97CAD70043E368 /* Helpers */ = {
			isa = PBXGroup;
			children = (
				E07A190C2D97CAE60043E368 /* FeedStoreSpy.swift */,
				E0150D4E2D9DC32500175B92 /* FeedCacheTestHelpers.swift */,
				4F3CDB362E59A62500B7745E /* FeedImageDataStoreSpy.swift */,
			);
			path = Helpers;
			sourceTree = "<group>";
		};
		E0B8BA8D2D8F3A060055D327 /* Feed Cache */ = {
			isa = PBXGroup;
			children = (
				E07A190B2D97CAD70043E368 /* Helpers */,
				E0B8BA8E2D8F3A240055D327 /* CacheFeedUseCaseTests.swift */,
				E07A19092D97C9760043E368 /* LoadFeedFromCacheUseCaseTests.swift */,
				E0150D4C2D9DC04200175B92 /* ValidateFeedCacheUseCaseTests.swift */,
				E0E77F472DAEE1A200706509 /* FeedStoreSpecs */,
				E0E77F602DAF9C9700706509 /* CoreDataFeedStoreTests.swift */,
				4F3CDB302E59967000B7745E /* LoadFeedImageDataFromCacheUseCaseTests.swift */,
				4F3CDB392E59A7B500B7745E /* CacheFeedImageDataUseCaseTests.swift */,
				4F3CDB3B2E59AB0700B7745E /* CoreDataFeedImageDataStoreTests.swift */,
			);
			path = "Feed Cache";
			sourceTree = "<group>";
		};
		E0E77F472DAEE1A200706509 /* FeedStoreSpecs */ = {
			isa = PBXGroup;
			children = (
				E0E77F3D2DAED54700706509 /* FeedStoreSpecs.swift */,
				E0E77F3F2DAEDC4B00706509 /* XCTestCase+FeedStoreSpecs.swift */,
				E0E77F412DAEDFF100706509 /* XCTestCase+FailableRetrieveFeedStoreSpecs.swift */,
				E0E77F432DAEE07100706509 /* XCTestCase+FailableInsertFeedStoreSpecs.swift */,
				E0E77F452DAEE10200706509 /* XCTestCase+FailableDeleteFeedStoreSpecs.swift */,
			);
			path = FeedStoreSpecs;
			sourceTree = "<group>";
		};
/* End PBXGroup section */

/* Begin PBXHeadersBuildPhase section */
		080EDEEC21B6DA7E00813479 /* Headers */ = {
			isa = PBXHeadersBuildPhase;
			buildActionMask = 2147483647;
			files = (
			);
			runOnlyForDeploymentPostprocessing = 0;
		};
		4F0275782DDBA2BD00F3FF53 /* Headers */ = {
			isa = PBXHeadersBuildPhase;
			buildActionMask = 2147483647;
			files = (
			);
			runOnlyForDeploymentPostprocessing = 0;
		};
/* End PBXHeadersBuildPhase section */

/* Begin PBXNativeTarget section */
		080EDEF021B6DA7E00813479 /* EssentialFeed */ = {
			isa = PBXNativeTarget;
			buildConfigurationList = 080EDF0521B6DA7E00813479 /* Build configuration list for PBXNativeTarget "EssentialFeed" */;
			buildPhases = (
				080EDEEC21B6DA7E00813479 /* Headers */,
				080EDEED21B6DA7E00813479 /* Sources */,
				080EDEEE21B6DA7E00813479 /* Frameworks */,
				080EDEEF21B6DA7E00813479 /* Resources */,
			);
			buildRules = (
			);
			dependencies = (
			);
			name = EssentialFeed;
			productName = EssentialFeed;
			productReference = 080EDEF121B6DA7E00813479 /* EssentialFeed.framework */;
			productType = "com.apple.product-type.framework";
		};
		080EDEF921B6DA7E00813479 /* EssentialFeedTests */ = {
			isa = PBXNativeTarget;
			buildConfigurationList = 080EDF0821B6DA7E00813479 /* Build configuration list for PBXNativeTarget "EssentialFeedTests" */;
			buildPhases = (
				080EDEF621B6DA7E00813479 /* Sources */,
				080EDEF721B6DA7E00813479 /* Frameworks */,
				080EDEF821B6DA7E00813479 /* Resources */,
			);
			buildRules = (
			);
			dependencies = (
				080EDEFD21B6DA7E00813479 /* PBXTargetDependency */,
			);
			name = EssentialFeedTests;
			productName = EssentialFeedTests;
			productReference = 080EDEFA21B6DA7E00813479 /* EssentialFeedTests.xctest */;
			productType = "com.apple.product-type.bundle.unit-test";
		};
		4F02757C2DDBA2BD00F3FF53 /* EssentialFeediOS */ = {
			isa = PBXNativeTarget;
			buildConfigurationList = 4F02758E2DDBA2BE00F3FF53 /* Build configuration list for PBXNativeTarget "EssentialFeediOS" */;
			buildPhases = (
				4F0275782DDBA2BD00F3FF53 /* Headers */,
				4F0275792DDBA2BD00F3FF53 /* Sources */,
				4F02757A2DDBA2BD00F3FF53 /* Frameworks */,
				4F02757B2DDBA2BD00F3FF53 /* Resources */,
				4F0276232DE4D6B500F3FF53 /* Embed Frameworks */,
			);
			buildRules = (
			);
			dependencies = (
				4F0276222DE4D6B500F3FF53 /* PBXTargetDependency */,
			);
			fileSystemSynchronizedGroups = (
				4F02757E2DDBA2BD00F3FF53 /* EssentialFeediOS */,
			);
			name = EssentialFeediOS;
			packageProductDependencies = (
			);
			productName = EssentialFeediOS;
			productReference = 4F02757D2DDBA2BD00F3FF53 /* EssentialFeediOS.framework */;
			productType = "com.apple.product-type.framework";
		};
		4F0275862DDBA2BE00F3FF53 /* EssentialFeediOSTests */ = {
			isa = PBXNativeTarget;
			buildConfigurationList = 4F0275912DDBA2BE00F3FF53 /* Build configuration list for PBXNativeTarget "EssentialFeediOSTests" */;
			buildPhases = (
				4F0275832DDBA2BE00F3FF53 /* Sources */,
				4F0275842DDBA2BE00F3FF53 /* Frameworks */,
				4F0275852DDBA2BE00F3FF53 /* Resources */,
			);
			buildRules = (
			);
			dependencies = (
				4F02758A2DDBA2BE00F3FF53 /* PBXTargetDependency */,
			);
			fileSystemSynchronizedGroups = (
				4F02758B2DDBA2BE00F3FF53 /* EssentialFeediOSTests */,
			);
			name = EssentialFeediOSTests;
			packageProductDependencies = (
			);
			productName = EssentialFeediOSTests;
			productReference = 4F0275872DDBA2BE00F3FF53 /* EssentialFeediOSTests.xctest */;
			productType = "com.apple.product-type.bundle.unit-test";
		};
		E06FBDC42D4D055A00D73BEB /* EssentialFeedAPIEndToEndTests */ = {
			isa = PBXNativeTarget;
			buildConfigurationList = E06FBDCC2D4D055B00D73BEB /* Build configuration list for PBXNativeTarget "EssentialFeedAPIEndToEndTests" */;
			buildPhases = (
				E06FBDC12D4D055A00D73BEB /* Sources */,
				E06FBDC22D4D055A00D73BEB /* Frameworks */,
				E06FBDC32D4D055A00D73BEB /* Resources */,
			);
			buildRules = (
			);
			dependencies = (
				E06FBDCB2D4D055B00D73BEB /* PBXTargetDependency */,
			);
			fileSystemSynchronizedGroups = (
				E06FBDC62D4D055B00D73BEB /* EssentialFeedAPIEndToEndTests */,
			);
			name = EssentialFeedAPIEndToEndTests;
			packageProductDependencies = (
			);
			productName = EssentialFeedAPIEndToEndTests;
			productReference = E06FBDC52D4D055A00D73BEB /* EssentialFeedAPIEndToEndTests.xctest */;
			productType = "com.apple.product-type.bundle.unit-test";
		};
		E0E0BB792DB03AFF00831F8F /* EssentialFeedCacheIntegrationTests */ = {
			isa = PBXNativeTarget;
			buildConfigurationList = E0E0BB832DB03AFF00831F8F /* Build configuration list for PBXNativeTarget "EssentialFeedCacheIntegrationTests" */;
			buildPhases = (
				E0E0BB762DB03AFF00831F8F /* Sources */,
				E0E0BB772DB03AFF00831F8F /* Frameworks */,
				E0E0BB782DB03AFF00831F8F /* Resources */,
			);
			buildRules = (
			);
			dependencies = (
				E0E0BB802DB03AFF00831F8F /* PBXTargetDependency */,
			);
			fileSystemSynchronizedGroups = (
				E0E0BB7B2DB03AFF00831F8F /* EssentialFeedCacheIntegrationTests */,
			);
			name = EssentialFeedCacheIntegrationTests;
			packageProductDependencies = (
			);
			productName = EssentialFeedCacheIntegrationTests;
			productReference = E0E0BB7A2DB03AFF00831F8F /* EssentialFeedCacheIntegrationTests.xctest */;
			productType = "com.apple.product-type.bundle.unit-test";
		};
/* End PBXNativeTarget section */

/* Begin PBXProject section */
		080EDEE821B6DA7E00813479 /* Project object */ = {
			isa = PBXProject;
			attributes = {
				BuildIndependentTargetsInParallel = YES;
				LastSwiftUpdateCheck = 1630;
				LastUpgradeCheck = 1600;
				ORGANIZATIONNAME = "";
				TargetAttributes = {
					080EDEF021B6DA7E00813479 = {
						CreatedOnToolsVersion = 10.1;
						LastSwiftMigration = 1540;
					};
					080EDEF921B6DA7E00813479 = {
						CreatedOnToolsVersion = 10.1;
						LastSwiftMigration = 1610;
					};
					4F02757C2DDBA2BD00F3FF53 = {
						CreatedOnToolsVersion = 16.3;
						LastSwiftMigration = 1630;
					};
					4F0275862DDBA2BE00F3FF53 = {
						CreatedOnToolsVersion = 16.3;
						LastSwiftMigration = 1630;
					};
					E06FBDC42D4D055A00D73BEB = {
						CreatedOnToolsVersion = 16.2;
					};
					E0E0BB792DB03AFF00831F8F = {
						CreatedOnToolsVersion = 16.3;
					};
				};
			};
			buildConfigurationList = 080EDEEB21B6DA7E00813479 /* Build configuration list for PBXProject "EssentialFeed" */;
			developmentRegion = en;
			hasScannedForEncodings = 0;
			knownRegions = (
				en,
				Base,
				"pt-BR",
				el,
			);
			mainGroup = 080EDEE721B6DA7E00813479;
			preferredProjectObjectVersion = 55;
			productRefGroup = 080EDEF221B6DA7E00813479 /* Products */;
			projectDirPath = "";
			projectRoot = "";
			targets = (
				080EDEF021B6DA7E00813479 /* EssentialFeed */,
				080EDEF921B6DA7E00813479 /* EssentialFeedTests */,
				E06FBDC42D4D055A00D73BEB /* EssentialFeedAPIEndToEndTests */,
				E0E0BB792DB03AFF00831F8F /* EssentialFeedCacheIntegrationTests */,
				4F02757C2DDBA2BD00F3FF53 /* EssentialFeediOS */,
				4F0275862DDBA2BE00F3FF53 /* EssentialFeediOSTests */,
			);
		};
/* End PBXProject section */

/* Begin PBXResourcesBuildPhase section */
		080EDEEF21B6DA7E00813479 /* Resources */ = {
			isa = PBXResourcesBuildPhase;
			buildActionMask = 2147483647;
			files = (
				E0E0BB882DB03E7900831F8F /* EssentialFeedCacheIntegrationTests.xctestplan in Resources */,
			);
			runOnlyForDeploymentPostprocessing = 0;
		};
		080EDEF821B6DA7E00813479 /* Resources */ = {
			isa = PBXResourcesBuildPhase;
			buildActionMask = 2147483647;
			files = (
			);
			runOnlyForDeploymentPostprocessing = 0;
		};
		4F02757B2DDBA2BD00F3FF53 /* Resources */ = {
			isa = PBXResourcesBuildPhase;
			buildActionMask = 2147483647;
			files = (
			);
			runOnlyForDeploymentPostprocessing = 0;
		};
		4F0275852DDBA2BE00F3FF53 /* Resources */ = {
			isa = PBXResourcesBuildPhase;
			buildActionMask = 2147483647;
			files = (
			);
			runOnlyForDeploymentPostprocessing = 0;
		};
		E06FBDC32D4D055A00D73BEB /* Resources */ = {
			isa = PBXResourcesBuildPhase;
			buildActionMask = 2147483647;
			files = (
			);
			runOnlyForDeploymentPostprocessing = 0;
		};
		E0E0BB782DB03AFF00831F8F /* Resources */ = {
			isa = PBXResourcesBuildPhase;
			buildActionMask = 2147483647;
			files = (
			);
			runOnlyForDeploymentPostprocessing = 0;
		};
/* End PBXResourcesBuildPhase section */

/* Begin PBXSourcesBuildPhase section */
		080EDEED21B6DA7E00813479 /* Sources */ = {
			isa = PBXSourcesBuildPhase;
			buildActionMask = 2147483647;
			files = (
				4F5580632E54E17300715942 /* FeedImageDataLoader.swift in Sources */,
				4FAEC1BB2E694830002A7384 /* FeedImageDataCache.swift in Sources */,
				4FAEC1AE2E68CB73002A7384 /* FeedCache.swift in Sources */,
				080EDF0C21B6DAE800813479 /* FeedImage.swift in Sources */,
			);
			runOnlyForDeploymentPostprocessing = 0;
		};
		080EDEF621B6DA7E00813479 /* Sources */ = {
			isa = PBXSourcesBuildPhase;
			buildActionMask = 2147483647;
			files = (
				E0150D4F2D9DC32500175B92 /* FeedCacheTestHelpers.swift in Sources */,
				E0150D4D2D9DC04200175B92 /* ValidateFeedCacheUseCaseTests.swift in Sources */,
				4F5580622E54DE3C00715942 /* LoadFeedImageDataFromRemoteUseCaseTests.swift in Sources */,
				4F0C91FD2EA3652E009DF47C /* FeedItemsMapperTests.swift in Sources */,
				E06FBDB82D49559100D73BEB /* LoadFeedFromRemoteUseCaseTests.swift in Sources */,
				E0E77F442DAEE07100706509 /* XCTestCase+FailableInsertFeedStoreSpecs.swift in Sources */,
				4F3CDB3A2E59A7B500B7745E /* CacheFeedImageDataUseCaseTests.swift in Sources */,
				E07A190D2D97CAE60043E368 /* FeedStoreSpy.swift in Sources */,
				E0150D512D9DC38000175B92 /* SharedTestHelpers.swift in Sources */,
				4F3CDB312E59967000B7745E /* LoadFeedImageDataFromCacheUseCaseTests.swift in Sources */,
				E0B8BA8F2D8F3A240055D327 /* CacheFeedUseCaseTests.swift in Sources */,
				E0E77F462DAEE10200706509 /* XCTestCase+FailableDeleteFeedStoreSpecs.swift in Sources */,
				4F3CDB372E59A62500B7745E /* FeedImageDataStoreSpy.swift in Sources */,
				4F3CDB3C2E59AB0700B7745E /* CoreDataFeedImageDataStoreTests.swift in Sources */,
				E0E77F422DAEDFF100706509 /* XCTestCase+FailableRetrieveFeedStoreSpecs.swift in Sources */,
				E07A190A2D97C9760043E368 /* LoadFeedFromCacheUseCaseTests.swift in Sources */,
				E0E77F3E2DAED54700706509 /* FeedStoreSpecs.swift in Sources */,
				E06FBDBE2D4955E500D73BEB /* XCTestCase+MemoryLeakTracking.swift in Sources */,
				E0E77F612DAF9C9700706509 /* CoreDataFeedStoreTests.swift in Sources */,
				E0E77F402DAEDC4B00706509 /* XCTestCase+FeedStoreSpecs.swift in Sources */,
			);
			runOnlyForDeploymentPostprocessing = 0;
		};
		4F0275792DDBA2BD00F3FF53 /* Sources */ = {
			isa = PBXSourcesBuildPhase;
			buildActionMask = 2147483647;
			files = (
			);
			runOnlyForDeploymentPostprocessing = 0;
		};
		4F0275832DDBA2BE00F3FF53 /* Sources */ = {
			isa = PBXSourcesBuildPhase;
			buildActionMask = 2147483647;
			files = (
				4F0276242DE4D79000F3FF53 /* XCTestCase+MemoryLeakTracking.swift in Sources */,
			);
			runOnlyForDeploymentPostprocessing = 0;
		};
		E06FBDC12D4D055A00D73BEB /* Sources */ = {
			isa = PBXSourcesBuildPhase;
			buildActionMask = 2147483647;
			files = (
				E06FBDCF2D4D3F0300D73BEB /* XCTestCase+MemoryLeakTracking.swift in Sources */,
				E0150D522D9DC38000175B92 /* SharedTestHelpers.swift in Sources */,
			);
			runOnlyForDeploymentPostprocessing = 0;
		};
		E0E0BB762DB03AFF00831F8F /* Sources */ = {
			isa = PBXSourcesBuildPhase;
			buildActionMask = 2147483647;
			files = (
				E0E0BB872DB03D4D00831F8F /* SharedTestHelpers.swift in Sources */,
				E0E0BB862DB03D2F00831F8F /* FeedCacheTestHelpers.swift in Sources */,
				4F3CDB382E59A62500B7745E /* FeedImageDataStoreSpy.swift in Sources */,
				E0E0BB852DB03C9900831F8F /* XCTestCase+MemoryLeakTracking.swift in Sources */,
			);
			runOnlyForDeploymentPostprocessing = 0;
		};
/* End PBXSourcesBuildPhase section */

/* Begin PBXTargetDependency section */
		080EDEFD21B6DA7E00813479 /* PBXTargetDependency */ = {
			isa = PBXTargetDependency;
			target = 080EDEF021B6DA7E00813479 /* EssentialFeed */;
			targetProxy = 080EDEFC21B6DA7E00813479 /* PBXContainerItemProxy */;
		};
		4F02758A2DDBA2BE00F3FF53 /* PBXTargetDependency */ = {
			isa = PBXTargetDependency;
			target = 4F02757C2DDBA2BD00F3FF53 /* EssentialFeediOS */;
			targetProxy = 4F0275892DDBA2BE00F3FF53 /* PBXContainerItemProxy */;
		};
		4F0276222DE4D6B500F3FF53 /* PBXTargetDependency */ = {
			isa = PBXTargetDependency;
			platformFilter = ios;
			target = 080EDEF021B6DA7E00813479 /* EssentialFeed */;
			targetProxy = 4F0276212DE4D6B500F3FF53 /* PBXContainerItemProxy */;
		};
		E06FBDCB2D4D055B00D73BEB /* PBXTargetDependency */ = {
			isa = PBXTargetDependency;
			target = 080EDEF021B6DA7E00813479 /* EssentialFeed */;
			targetProxy = E06FBDCA2D4D055B00D73BEB /* PBXContainerItemProxy */;
		};
		E0E0BB802DB03AFF00831F8F /* PBXTargetDependency */ = {
			isa = PBXTargetDependency;
			target = 080EDEF021B6DA7E00813479 /* EssentialFeed */;
			targetProxy = E0E0BB7F2DB03AFF00831F8F /* PBXContainerItemProxy */;
		};
/* End PBXTargetDependency section */

/* Begin XCBuildConfiguration section */
		080EDF0321B6DA7E00813479 /* Debug */ = {
			isa = XCBuildConfiguration;
			buildSettings = {
				ALWAYS_SEARCH_USER_PATHS = NO;
				ASSETCATALOG_COMPILER_GENERATE_SWIFT_ASSET_SYMBOL_EXTENSIONS = YES;
				CLANG_ANALYZER_LOCALIZABILITY_NONLOCALIZED = YES;
				CLANG_ANALYZER_NONNULL = YES;
				CLANG_ANALYZER_NUMBER_OBJECT_CONVERSION = YES_AGGRESSIVE;
				CLANG_CXX_LANGUAGE_STANDARD = "gnu++14";
				CLANG_CXX_LIBRARY = "libc++";
				CLANG_ENABLE_MODULES = YES;
				CLANG_ENABLE_OBJC_ARC = YES;
				CLANG_ENABLE_OBJC_WEAK = YES;
				CLANG_WARN_BLOCK_CAPTURE_AUTORELEASING = YES;
				CLANG_WARN_BOOL_CONVERSION = YES;
				CLANG_WARN_COMMA = YES;
				CLANG_WARN_CONSTANT_CONVERSION = YES;
				CLANG_WARN_DEPRECATED_OBJC_IMPLEMENTATIONS = YES;
				CLANG_WARN_DIRECT_OBJC_ISA_USAGE = YES_ERROR;
				CLANG_WARN_DOCUMENTATION_COMMENTS = YES;
				CLANG_WARN_EMPTY_BODY = YES;
				CLANG_WARN_ENUM_CONVERSION = YES;
				CLANG_WARN_INFINITE_RECURSION = YES;
				CLANG_WARN_INT_CONVERSION = YES;
				CLANG_WARN_NON_LITERAL_NULL_CONVERSION = YES;
				CLANG_WARN_OBJC_IMPLICIT_RETAIN_SELF = YES;
				CLANG_WARN_OBJC_LITERAL_CONVERSION = YES;
				CLANG_WARN_OBJC_ROOT_CLASS = YES_ERROR;
				CLANG_WARN_QUOTED_INCLUDE_IN_FRAMEWORK_HEADER = YES;
				CLANG_WARN_RANGE_LOOP_ANALYSIS = YES;
				CLANG_WARN_STRICT_PROTOTYPES = YES;
				CLANG_WARN_SUSPICIOUS_MOVE = YES;
				CLANG_WARN_UNGUARDED_AVAILABILITY = YES_AGGRESSIVE;
				CLANG_WARN_UNREACHABLE_CODE = YES;
				CLANG_WARN__DUPLICATE_METHOD_MATCH = YES;
				CODE_SIGN_IDENTITY = "Mac Developer";
				COPY_PHASE_STRIP = NO;
				CURRENT_PROJECT_VERSION = 1;
				DEAD_CODE_STRIPPING = YES;
				DEBUG_INFORMATION_FORMAT = dwarf;
				ENABLE_STRICT_OBJC_MSGSEND = YES;
				ENABLE_TESTABILITY = YES;
				ENABLE_USER_SCRIPT_SANDBOXING = YES;
				GCC_C_LANGUAGE_STANDARD = gnu11;
				GCC_DYNAMIC_NO_PIC = NO;
				GCC_NO_COMMON_BLOCKS = YES;
				GCC_OPTIMIZATION_LEVEL = 0;
				GCC_PREPROCESSOR_DEFINITIONS = (
					"DEBUG=1",
					"$(inherited)",
				);
				GCC_WARN_64_TO_32_BIT_CONVERSION = YES;
				GCC_WARN_ABOUT_RETURN_TYPE = YES_ERROR;
				GCC_WARN_UNDECLARED_SELECTOR = YES;
				GCC_WARN_UNINITIALIZED_AUTOS = YES_AGGRESSIVE;
				GCC_WARN_UNUSED_FUNCTION = YES;
				GCC_WARN_UNUSED_VARIABLE = YES;
				MACOSX_DEPLOYMENT_TARGET = 14.0;
				MTL_ENABLE_DEBUG_INFO = INCLUDE_SOURCE;
				MTL_FAST_MATH = YES;
				ONLY_ACTIVE_ARCH = YES;
				SDKROOT = macosx;
				SWIFT_ACTIVE_COMPILATION_CONDITIONS = DEBUG;
				SWIFT_OPTIMIZATION_LEVEL = "-Onone";
				SWIFT_STRICT_CONCURRENCY = minimal;
				SWIFT_VERSION = 5.0;
				VERSIONING_SYSTEM = "apple-generic";
				VERSION_INFO_PREFIX = "";
			};
			name = Debug;
		};
		080EDF0421B6DA7E00813479 /* Release */ = {
			isa = XCBuildConfiguration;
			buildSettings = {
				ALWAYS_SEARCH_USER_PATHS = NO;
				ASSETCATALOG_COMPILER_GENERATE_SWIFT_ASSET_SYMBOL_EXTENSIONS = YES;
				CLANG_ANALYZER_LOCALIZABILITY_NONLOCALIZED = YES;
				CLANG_ANALYZER_NONNULL = YES;
				CLANG_ANALYZER_NUMBER_OBJECT_CONVERSION = YES_AGGRESSIVE;
				CLANG_CXX_LANGUAGE_STANDARD = "gnu++14";
				CLANG_CXX_LIBRARY = "libc++";
				CLANG_ENABLE_MODULES = YES;
				CLANG_ENABLE_OBJC_ARC = YES;
				CLANG_ENABLE_OBJC_WEAK = YES;
				CLANG_WARN_BLOCK_CAPTURE_AUTORELEASING = YES;
				CLANG_WARN_BOOL_CONVERSION = YES;
				CLANG_WARN_COMMA = YES;
				CLANG_WARN_CONSTANT_CONVERSION = YES;
				CLANG_WARN_DEPRECATED_OBJC_IMPLEMENTATIONS = YES;
				CLANG_WARN_DIRECT_OBJC_ISA_USAGE = YES_ERROR;
				CLANG_WARN_DOCUMENTATION_COMMENTS = YES;
				CLANG_WARN_EMPTY_BODY = YES;
				CLANG_WARN_ENUM_CONVERSION = YES;
				CLANG_WARN_INFINITE_RECURSION = YES;
				CLANG_WARN_INT_CONVERSION = YES;
				CLANG_WARN_NON_LITERAL_NULL_CONVERSION = YES;
				CLANG_WARN_OBJC_IMPLICIT_RETAIN_SELF = YES;
				CLANG_WARN_OBJC_LITERAL_CONVERSION = YES;
				CLANG_WARN_OBJC_ROOT_CLASS = YES_ERROR;
				CLANG_WARN_QUOTED_INCLUDE_IN_FRAMEWORK_HEADER = YES;
				CLANG_WARN_RANGE_LOOP_ANALYSIS = YES;
				CLANG_WARN_STRICT_PROTOTYPES = YES;
				CLANG_WARN_SUSPICIOUS_MOVE = YES;
				CLANG_WARN_UNGUARDED_AVAILABILITY = YES_AGGRESSIVE;
				CLANG_WARN_UNREACHABLE_CODE = YES;
				CLANG_WARN__DUPLICATE_METHOD_MATCH = YES;
				CODE_SIGN_IDENTITY = "Mac Developer";
				COPY_PHASE_STRIP = NO;
				CURRENT_PROJECT_VERSION = 1;
				DEAD_CODE_STRIPPING = YES;
				DEBUG_INFORMATION_FORMAT = "dwarf-with-dsym";
				ENABLE_NS_ASSERTIONS = NO;
				ENABLE_STRICT_OBJC_MSGSEND = YES;
				ENABLE_USER_SCRIPT_SANDBOXING = YES;
				GCC_C_LANGUAGE_STANDARD = gnu11;
				GCC_NO_COMMON_BLOCKS = YES;
				GCC_WARN_64_TO_32_BIT_CONVERSION = YES;
				GCC_WARN_ABOUT_RETURN_TYPE = YES_ERROR;
				GCC_WARN_UNDECLARED_SELECTOR = YES;
				GCC_WARN_UNINITIALIZED_AUTOS = YES_AGGRESSIVE;
				GCC_WARN_UNUSED_FUNCTION = YES;
				GCC_WARN_UNUSED_VARIABLE = YES;
				MACOSX_DEPLOYMENT_TARGET = 14.0;
				MTL_ENABLE_DEBUG_INFO = NO;
				MTL_FAST_MATH = YES;
				SDKROOT = macosx;
				SWIFT_COMPILATION_MODE = wholemodule;
				SWIFT_OPTIMIZATION_LEVEL = "-O";
				SWIFT_STRICT_CONCURRENCY = minimal;
				SWIFT_VERSION = 5.0;
				VERSIONING_SYSTEM = "apple-generic";
				VERSION_INFO_PREFIX = "";
			};
			name = Release;
		};
		080EDF0621B6DA7E00813479 /* Debug */ = {
			isa = XCBuildConfiguration;
			buildSettings = {
				BUILD_LIBRARY_FOR_DISTRIBUTION = YES;
				CLANG_ENABLE_MODULES = YES;
				CODE_SIGN_IDENTITY = "";
				CODE_SIGN_STYLE = Automatic;
				COMBINE_HIDPI_IMAGES = YES;
				DEAD_CODE_STRIPPING = YES;
				DEFINES_MODULE = YES;
				DEVELOPMENT_TEAM = "";
				DYLIB_COMPATIBILITY_VERSION = 1;
				DYLIB_CURRENT_VERSION = 1;
				DYLIB_INSTALL_NAME_BASE = "@rpath";
				ENABLE_MODULE_VERIFIER = YES;
				FRAMEWORK_VERSION = A;
				INFOPLIST_FILE = EssentialFeed/Info.plist;
				INSTALL_PATH = "$(LOCAL_LIBRARY_DIR)/Frameworks";
				LD_RUNPATH_SEARCH_PATHS = (
					"$(inherited)",
					"@executable_path/../Frameworks",
					"@loader_path/Frameworks",
				);
				MACOSX_DEPLOYMENT_TARGET = 15.0;
				MODULE_VERIFIER_SUPPORTED_LANGUAGE_STANDARDS = "gnu11 gnu++14";
				"OTHER_SWIFT_FLAGS[arch=*]" = "-enable-library-evolution";
				PRODUCT_BUNDLE_IDENTIFIER = com.essentialdeveloper.EssentialFeed;
				PRODUCT_NAME = "$(TARGET_NAME:c99extidentifier)";
				SKIP_INSTALL = YES;
				SUPPORTED_PLATFORMS = "macosx iphoneos iphonesimulator";
				SWIFT_OPTIMIZATION_LEVEL = "-Onone";
			};
			name = Debug;
		};
		080EDF0721B6DA7E00813479 /* Release */ = {
			isa = XCBuildConfiguration;
			buildSettings = {
				BUILD_LIBRARY_FOR_DISTRIBUTION = YES;
				CLANG_ENABLE_MODULES = YES;
				CODE_SIGN_IDENTITY = "";
				CODE_SIGN_STYLE = Automatic;
				COMBINE_HIDPI_IMAGES = YES;
				DEAD_CODE_STRIPPING = YES;
				DEFINES_MODULE = YES;
				DEVELOPMENT_TEAM = "";
				DYLIB_COMPATIBILITY_VERSION = 1;
				DYLIB_CURRENT_VERSION = 1;
				DYLIB_INSTALL_NAME_BASE = "@rpath";
				ENABLE_MODULE_VERIFIER = YES;
				FRAMEWORK_VERSION = A;
				INFOPLIST_FILE = EssentialFeed/Info.plist;
				INSTALL_PATH = "$(LOCAL_LIBRARY_DIR)/Frameworks";
				LD_RUNPATH_SEARCH_PATHS = (
					"$(inherited)",
					"@executable_path/../Frameworks",
					"@loader_path/Frameworks",
				);
				MACOSX_DEPLOYMENT_TARGET = 15.0;
				MODULE_VERIFIER_SUPPORTED_LANGUAGE_STANDARDS = "gnu11 gnu++14";
				PRODUCT_BUNDLE_IDENTIFIER = com.essentialdeveloper.EssentialFeed;
				PRODUCT_NAME = "$(TARGET_NAME:c99extidentifier)";
				SKIP_INSTALL = YES;
				SUPPORTED_PLATFORMS = "macosx iphoneos iphonesimulator";
			};
			name = Release;
		};
		080EDF0921B6DA7E00813479 /* Debug */ = {
			isa = XCBuildConfiguration;
			buildSettings = {
				CLANG_ENABLE_MODULES = YES;
				"CODE_SIGN_IDENTITY[sdk=macosx*]" = "-";
				CODE_SIGN_STYLE = Automatic;
				COMBINE_HIDPI_IMAGES = YES;
				DEAD_CODE_STRIPPING = YES;
				DEVELOPMENT_TEAM = "";
				INFOPLIST_FILE = EssentialFeedTests/Info.plist;
				LD_RUNPATH_SEARCH_PATHS = (
					"$(inherited)",
					"@executable_path/../Frameworks",
					"@loader_path/../Frameworks",
				);
				PRODUCT_BUNDLE_IDENTIFIER = com.essentialdeveloper.EssentialFeedTests;
				PRODUCT_NAME = "$(TARGET_NAME)";
				SUPPORTED_PLATFORMS = "macosx iphoneos iphonesimulator";
				SWIFT_OPTIMIZATION_LEVEL = "-Onone";
				SWIFT_VERSION = 5.0;
			};
			name = Debug;
		};
		080EDF0A21B6DA7E00813479 /* Release */ = {
			isa = XCBuildConfiguration;
			buildSettings = {
				CLANG_ENABLE_MODULES = YES;
				"CODE_SIGN_IDENTITY[sdk=macosx*]" = "-";
				CODE_SIGN_STYLE = Automatic;
				COMBINE_HIDPI_IMAGES = YES;
				DEAD_CODE_STRIPPING = YES;
				DEVELOPMENT_TEAM = "";
				INFOPLIST_FILE = EssentialFeedTests/Info.plist;
				LD_RUNPATH_SEARCH_PATHS = (
					"$(inherited)",
					"@executable_path/../Frameworks",
					"@loader_path/../Frameworks",
				);
				PRODUCT_BUNDLE_IDENTIFIER = com.essentialdeveloper.EssentialFeedTests;
				PRODUCT_NAME = "$(TARGET_NAME)";
				SUPPORTED_PLATFORMS = "macosx iphoneos iphonesimulator";
				SWIFT_VERSION = 5.0;
			};
			name = Release;
		};
		4F02758F2DDBA2BE00F3FF53 /* Debug */ = {
			isa = XCBuildConfiguration;
			buildSettings = {
				BUILD_LIBRARY_FOR_DISTRIBUTION = YES;
				CLANG_CXX_LANGUAGE_STANDARD = "gnu++20";
				CLANG_ENABLE_MODULES = YES;
				CODE_SIGN_STYLE = Automatic;
				CURRENT_PROJECT_VERSION = 1;
				DEFINES_MODULE = YES;
				DEVELOPMENT_TEAM = 84TZZ949K5;
				DYLIB_COMPATIBILITY_VERSION = 1;
				DYLIB_CURRENT_VERSION = 1;
				DYLIB_INSTALL_NAME_BASE = "@rpath";
				ENABLE_MODULE_VERIFIER = YES;
				GCC_C_LANGUAGE_STANDARD = gnu17;
				GENERATE_INFOPLIST_FILE = YES;
				INFOPLIST_KEY_NSHumanReadableCopyright = "";
				INSTALL_PATH = "$(LOCAL_LIBRARY_DIR)/Frameworks";
				IPHONEOS_DEPLOYMENT_TARGET = 18.5;
				LD_RUNPATH_SEARCH_PATHS = (
					"$(inherited)",
					"@executable_path/Frameworks",
					"@loader_path/Frameworks",
				);
				LOCALIZATION_PREFERS_STRING_CATALOGS = YES;
				MARKETING_VERSION = 1.0;
				MODULE_VERIFIER_SUPPORTED_LANGUAGES = "objective-c objective-c++";
				MODULE_VERIFIER_SUPPORTED_LANGUAGE_STANDARDS = "gnu17 gnu++20";
				PRODUCT_BUNDLE_IDENTIFIER = net.msiccdev.EssentialFeediOS;
				PRODUCT_NAME = "$(TARGET_NAME:c99extidentifier)";
				SDKROOT = iphoneos;
				SKIP_INSTALL = YES;
				SWIFT_ACTIVE_COMPILATION_CONDITIONS = "DEBUG $(inherited)";
				SWIFT_EMIT_LOC_STRINGS = YES;
				SWIFT_INSTALL_MODULE = YES;
				SWIFT_INSTALL_OBJC_HEADER = NO;
				SWIFT_OPTIMIZATION_LEVEL = "-Onone";
				SWIFT_VERSION = 5.0;
				TARGETED_DEVICE_FAMILY = "1,2";
			};
			name = Debug;
		};
		4F0275902DDBA2BE00F3FF53 /* Release */ = {
			isa = XCBuildConfiguration;
			buildSettings = {
				BUILD_LIBRARY_FOR_DISTRIBUTION = YES;
				CLANG_CXX_LANGUAGE_STANDARD = "gnu++20";
				CLANG_ENABLE_MODULES = YES;
				CODE_SIGN_STYLE = Automatic;
				CURRENT_PROJECT_VERSION = 1;
				DEFINES_MODULE = YES;
				DEVELOPMENT_TEAM = 84TZZ949K5;
				DYLIB_COMPATIBILITY_VERSION = 1;
				DYLIB_CURRENT_VERSION = 1;
				DYLIB_INSTALL_NAME_BASE = "@rpath";
				ENABLE_MODULE_VERIFIER = YES;
				GCC_C_LANGUAGE_STANDARD = gnu17;
				GENERATE_INFOPLIST_FILE = YES;
				INFOPLIST_KEY_NSHumanReadableCopyright = "";
				INSTALL_PATH = "$(LOCAL_LIBRARY_DIR)/Frameworks";
				IPHONEOS_DEPLOYMENT_TARGET = 18.5;
				LD_RUNPATH_SEARCH_PATHS = (
					"$(inherited)",
					"@executable_path/Frameworks",
					"@loader_path/Frameworks",
				);
				LOCALIZATION_PREFERS_STRING_CATALOGS = YES;
				MARKETING_VERSION = 1.0;
				MODULE_VERIFIER_SUPPORTED_LANGUAGES = "objective-c objective-c++";
				MODULE_VERIFIER_SUPPORTED_LANGUAGE_STANDARDS = "gnu17 gnu++20";
				PRODUCT_BUNDLE_IDENTIFIER = net.msiccdev.EssentialFeediOS;
				PRODUCT_NAME = "$(TARGET_NAME:c99extidentifier)";
				SDKROOT = iphoneos;
				SKIP_INSTALL = YES;
				SWIFT_EMIT_LOC_STRINGS = YES;
				SWIFT_INSTALL_MODULE = YES;
				SWIFT_INSTALL_OBJC_HEADER = NO;
				SWIFT_VERSION = 5.0;
				TARGETED_DEVICE_FAMILY = "1,2";
				VALIDATE_PRODUCT = YES;
			};
			name = Release;
		};
		4F0275922DDBA2BE00F3FF53 /* Debug */ = {
			isa = XCBuildConfiguration;
			buildSettings = {
				CLANG_CXX_LANGUAGE_STANDARD = "gnu++20";
				CLANG_ENABLE_MODULES = YES;
				CODE_SIGN_STYLE = Automatic;
				CURRENT_PROJECT_VERSION = 1;
				DEVELOPMENT_TEAM = 84TZZ949K5;
				GCC_C_LANGUAGE_STANDARD = gnu17;
				GENERATE_INFOPLIST_FILE = YES;
				IPHONEOS_DEPLOYMENT_TARGET = 18.4;
				LOCALIZATION_PREFERS_STRING_CATALOGS = YES;
				MARKETING_VERSION = 1.0;
				PRODUCT_BUNDLE_IDENTIFIER = net.msiccdev.EssentialFeediOSTests;
				PRODUCT_NAME = "$(TARGET_NAME)";
				SDKROOT = iphoneos;
				SWIFT_ACTIVE_COMPILATION_CONDITIONS = "DEBUG $(inherited)";
				SWIFT_EMIT_LOC_STRINGS = NO;
				SWIFT_OPTIMIZATION_LEVEL = "-Onone";
				SWIFT_VERSION = 5.0;
				TARGETED_DEVICE_FAMILY = "1,2";
			};
			name = Debug;
		};
		4F0275932DDBA2BE00F3FF53 /* Release */ = {
			isa = XCBuildConfiguration;
			buildSettings = {
				CLANG_CXX_LANGUAGE_STANDARD = "gnu++20";
				CLANG_ENABLE_MODULES = YES;
				CODE_SIGN_STYLE = Automatic;
				CURRENT_PROJECT_VERSION = 1;
				DEVELOPMENT_TEAM = 84TZZ949K5;
				GCC_C_LANGUAGE_STANDARD = gnu17;
				GENERATE_INFOPLIST_FILE = YES;
				IPHONEOS_DEPLOYMENT_TARGET = 18.4;
				LOCALIZATION_PREFERS_STRING_CATALOGS = YES;
				MARKETING_VERSION = 1.0;
				PRODUCT_BUNDLE_IDENTIFIER = net.msiccdev.EssentialFeediOSTests;
				PRODUCT_NAME = "$(TARGET_NAME)";
				SDKROOT = iphoneos;
				SWIFT_EMIT_LOC_STRINGS = NO;
				SWIFT_VERSION = 5.0;
				TARGETED_DEVICE_FAMILY = "1,2";
				VALIDATE_PRODUCT = YES;
			};
			name = Release;
		};
		E06FBDCD2D4D055B00D73BEB /* Debug */ = {
			isa = XCBuildConfiguration;
			buildSettings = {
				CLANG_CXX_LANGUAGE_STANDARD = "gnu++20";
				CODE_SIGN_STYLE = Automatic;
				CURRENT_PROJECT_VERSION = 1;
				DEVELOPMENT_TEAM = 84TZZ949K5;
				GCC_C_LANGUAGE_STANDARD = gnu17;
				GENERATE_INFOPLIST_FILE = YES;
				LOCALIZATION_PREFERS_STRING_CATALOGS = YES;
				MACOSX_DEPLOYMENT_TARGET = 15.2;
				MARKETING_VERSION = 1.0;
				PRODUCT_BUNDLE_IDENTIFIER = net.msiccdev.EssentialFeedAPIEndToEndTests;
				PRODUCT_NAME = "$(TARGET_NAME)";
				SUPPORTED_PLATFORMS = "macosx iphoneos iphonesimulator";
				SWIFT_ACTIVE_COMPILATION_CONDITIONS = "DEBUG $(inherited)";
				SWIFT_EMIT_LOC_STRINGS = NO;
				SWIFT_VERSION = 5.0;
			};
			name = Debug;
		};
		E06FBDCE2D4D055B00D73BEB /* Release */ = {
			isa = XCBuildConfiguration;
			buildSettings = {
				CLANG_CXX_LANGUAGE_STANDARD = "gnu++20";
				CODE_SIGN_STYLE = Automatic;
				CURRENT_PROJECT_VERSION = 1;
				DEVELOPMENT_TEAM = 84TZZ949K5;
				GCC_C_LANGUAGE_STANDARD = gnu17;
				GENERATE_INFOPLIST_FILE = YES;
				LOCALIZATION_PREFERS_STRING_CATALOGS = YES;
				MACOSX_DEPLOYMENT_TARGET = 15.2;
				MARKETING_VERSION = 1.0;
				PRODUCT_BUNDLE_IDENTIFIER = net.msiccdev.EssentialFeedAPIEndToEndTests;
				PRODUCT_NAME = "$(TARGET_NAME)";
				SUPPORTED_PLATFORMS = "macosx iphoneos iphonesimulator";
				SWIFT_EMIT_LOC_STRINGS = NO;
				SWIFT_VERSION = 5.0;
			};
			name = Release;
		};
		E0E0BB812DB03AFF00831F8F /* Debug */ = {
			isa = XCBuildConfiguration;
			buildSettings = {
				CLANG_CXX_LANGUAGE_STANDARD = "gnu++20";
				CODE_SIGN_STYLE = Automatic;
				CURRENT_PROJECT_VERSION = 1;
				DEVELOPMENT_TEAM = 84TZZ949K5;
				GCC_C_LANGUAGE_STANDARD = gnu17;
				GENERATE_INFOPLIST_FILE = YES;
				LOCALIZATION_PREFERS_STRING_CATALOGS = YES;
				MACOSX_DEPLOYMENT_TARGET = 15.4;
				MARKETING_VERSION = 1.0;
				PRODUCT_BUNDLE_IDENTIFIER = net.msiccdev.EssentialFeedCacheIntegrationTests;
				PRODUCT_NAME = "$(TARGET_NAME)";
				SUPPORTED_PLATFORMS = "macosx iphonesimulator iphoneos";
				SWIFT_ACTIVE_COMPILATION_CONDITIONS = "DEBUG $(inherited)";
				SWIFT_EMIT_LOC_STRINGS = NO;
				SWIFT_VERSION = 5.0;
			};
			name = Debug;
		};
		E0E0BB822DB03AFF00831F8F /* Release */ = {
			isa = XCBuildConfiguration;
			buildSettings = {
				CLANG_CXX_LANGUAGE_STANDARD = "gnu++20";
				CODE_SIGN_STYLE = Automatic;
				CURRENT_PROJECT_VERSION = 1;
				DEVELOPMENT_TEAM = 84TZZ949K5;
				GCC_C_LANGUAGE_STANDARD = gnu17;
				GENERATE_INFOPLIST_FILE = YES;
				LOCALIZATION_PREFERS_STRING_CATALOGS = YES;
				MACOSX_DEPLOYMENT_TARGET = 15.4;
				MARKETING_VERSION = 1.0;
				PRODUCT_BUNDLE_IDENTIFIER = net.msiccdev.EssentialFeedCacheIntegrationTests;
				PRODUCT_NAME = "$(TARGET_NAME)";
				SUPPORTED_PLATFORMS = "macosx iphonesimulator iphoneos";
				SWIFT_EMIT_LOC_STRINGS = NO;
				SWIFT_VERSION = 5.0;
			};
			name = Release;
		};
/* End XCBuildConfiguration section */

/* Begin XCConfigurationList section */
		080EDEEB21B6DA7E00813479 /* Build configuration list for PBXProject "EssentialFeed" */ = {
			isa = XCConfigurationList;
			buildConfigurations = (
				080EDF0321B6DA7E00813479 /* Debug */,
				080EDF0421B6DA7E00813479 /* Release */,
			);
			defaultConfigurationIsVisible = 0;
			defaultConfigurationName = Release;
		};
		080EDF0521B6DA7E00813479 /* Build configuration list for PBXNativeTarget "EssentialFeed" */ = {
			isa = XCConfigurationList;
			buildConfigurations = (
				080EDF0621B6DA7E00813479 /* Debug */,
				080EDF0721B6DA7E00813479 /* Release */,
			);
			defaultConfigurationIsVisible = 0;
			defaultConfigurationName = Release;
		};
		080EDF0821B6DA7E00813479 /* Build configuration list for PBXNativeTarget "EssentialFeedTests" */ = {
			isa = XCConfigurationList;
			buildConfigurations = (
				080EDF0921B6DA7E00813479 /* Debug */,
				080EDF0A21B6DA7E00813479 /* Release */,
			);
			defaultConfigurationIsVisible = 0;
			defaultConfigurationName = Release;
		};
		4F02758E2DDBA2BE00F3FF53 /* Build configuration list for PBXNativeTarget "EssentialFeediOS" */ = {
			isa = XCConfigurationList;
			buildConfigurations = (
				4F02758F2DDBA2BE00F3FF53 /* Debug */,
				4F0275902DDBA2BE00F3FF53 /* Release */,
			);
			defaultConfigurationIsVisible = 0;
			defaultConfigurationName = Release;
		};
		4F0275912DDBA2BE00F3FF53 /* Build configuration list for PBXNativeTarget "EssentialFeediOSTests" */ = {
			isa = XCConfigurationList;
			buildConfigurations = (
				4F0275922DDBA2BE00F3FF53 /* Debug */,
				4F0275932DDBA2BE00F3FF53 /* Release */,
			);
			defaultConfigurationIsVisible = 0;
			defaultConfigurationName = Release;
		};
		E06FBDCC2D4D055B00D73BEB /* Build configuration list for PBXNativeTarget "EssentialFeedAPIEndToEndTests" */ = {
			isa = XCConfigurationList;
			buildConfigurations = (
				E06FBDCD2D4D055B00D73BEB /* Debug */,
				E06FBDCE2D4D055B00D73BEB /* Release */,
			);
			defaultConfigurationIsVisible = 0;
			defaultConfigurationName = Release;
		};
		E0E0BB832DB03AFF00831F8F /* Build configuration list for PBXNativeTarget "EssentialFeedCacheIntegrationTests" */ = {
			isa = XCConfigurationList;
			buildConfigurations = (
				E0E0BB812DB03AFF00831F8F /* Debug */,
				E0E0BB822DB03AFF00831F8F /* Release */,
			);
			defaultConfigurationIsVisible = 0;
			defaultConfigurationName = Release;
		};
/* End XCConfigurationList section */
	};
	rootObject = 080EDEE821B6DA7E00813479 /* Project object */;
}
